{
  "version": 4,
  "terraform_version": "1.4.5",
  "serial": 21,
  "lineage": "8ec7eecb-f036-85ca-a29a-d65484ec8eb6",
  "outputs": {},
  "resources": [
    {
      "module": "module.efs_module",
      "mode": "managed",
      "type": "aws_efs_file_system",
      "name": "jenkins",
      "provider": "provider[\"registry.terraform.io/hashicorp/aws\"]",
      "instances": [
        {
          "schema_version": 0,
          "attributes": {
            "arn": "arn:aws:elasticfilesystem:ap-southeast-1:100521722927:file-system/fs-041d96f9fefd0ee72",
            "availability_zone_id": "",
            "availability_zone_name": "",
            "creation_token": "jenkins",
            "dns_name": "fs-041d96f9fefd0ee72.efs.ap-southeast-1.amazonaws.com",
            "encrypted": true,
            "id": "fs-041d96f9fefd0ee72",
            "kms_key_id": "arn:aws:kms:ap-southeast-1:100521722927:key/4ec406a9-7166-4f4b-9a56-64b70e4acb7b",
            "lifecycle_policy": [],
            "number_of_mount_targets": 0,
            "owner_id": "100521722927",
            "performance_mode": "generalPurpose",
            "provisioned_throughput_in_mibps": 0,
            "size_in_bytes": [
              {
                "value": 6144,
                "value_in_ia": 0,
                "value_in_standard": 6144
              }
            ],
            "tags": {
              "Name": "jenkins-efs"
            },
            "tags_all": {
              "Name": "jenkins-efs"
            },
            "throughput_mode": "bursting"
          },
          "sensitive_attributes": [],
          "private": "bnVsbA=="
        }
      ]
    },
    {
      "module": "module.efs_module",
      "mode": "managed",
      "type": "aws_efs_mount_target",
      "name": "jenkins",
      "provider": "provider[\"registry.terraform.io/hashicorp/aws\"]",
      "instances": [
        {
          "index_key": 0,
          "schema_version": 0,
          "attributes": {
            "availability_zone_id": "apse1-az3",
            "availability_zone_name": "ap-southeast-1c",
            "dns_name": "fs-041d96f9fefd0ee72.efs.ap-southeast-1.amazonaws.com",
            "file_system_arn": "arn:aws:elasticfilesystem:ap-southeast-1:100521722927:file-system/fs-041d96f9fefd0ee72",
            "file_system_id": "fs-041d96f9fefd0ee72",
            "id": "fsmt-0056ba749e81986cf",
            "ip_address": "172.31.11.98",
            "mount_target_dns_name": "ap-southeast-1c.fs-041d96f9fefd0ee72.efs.ap-southeast-1.amazonaws.com",
            "network_interface_id": "eni-0d1004d33cba369b8",
            "owner_id": "100521722927",
            "security_groups": [
              "sg-009f259dc0ece2b93"
            ],
            "subnet_id": "subnet-0c4f3f5ce893d33cf",
            "timeouts": null
          },
          "sensitive_attributes": [],
          "private": "eyJlMmJmYjczMC1lY2FhLTExZTYtOGY4OC0zNDM2M2JjN2M0YzAiOnsiY3JlYXRlIjoxODAwMDAwMDAwMDAwLCJkZWxldGUiOjYwMDAwMDAwMDAwMH19",
          "dependencies": [
            "module.efs_module.aws_efs_file_system.jenkins",
            "module.efs_module.aws_security_group.efs_sg"
          ]
        },
        {
          "index_key": 1,
          "schema_version": 0,
          "attributes": {
            "availability_zone_id": "apse1-az2",
            "availability_zone_name": "ap-southeast-1a",
            "dns_name": "fs-041d96f9fefd0ee72.efs.ap-southeast-1.amazonaws.com",
            "file_system_arn": "arn:aws:elasticfilesystem:ap-southeast-1:100521722927:file-system/fs-041d96f9fefd0ee72",
            "file_system_id": "fs-041d96f9fefd0ee72",
            "id": "fsmt-0ee859557f3f5f825",
            "ip_address": "172.31.34.75",
            "mount_target_dns_name": "ap-southeast-1a.fs-041d96f9fefd0ee72.efs.ap-southeast-1.amazonaws.com",
            "network_interface_id": "eni-0c782754367f44c5c",
            "owner_id": "100521722927",
            "security_groups": [
              "sg-009f259dc0ece2b93"
            ],
            "subnet_id": "subnet-079a6283bb8d816c0",
            "timeouts": null
          },
          "sensitive_attributes": [],
          "private": "eyJlMmJmYjczMC1lY2FhLTExZTYtOGY4OC0zNDM2M2JjN2M0YzAiOnsiY3JlYXRlIjoxODAwMDAwMDAwMDAwLCJkZWxldGUiOjYwMDAwMDAwMDAwMH19",
          "dependencies": [
            "module.efs_module.aws_efs_file_system.jenkins",
            "module.efs_module.aws_security_group.efs_sg"
          ]
        },
        {
          "index_key": 2,
          "schema_version": 0,
          "attributes": {
            "availability_zone_id": "apse1-az1",
            "availability_zone_name": "ap-southeast-1b",
            "dns_name": "fs-041d96f9fefd0ee72.efs.ap-southeast-1.amazonaws.com",
            "file_system_arn": "arn:aws:elasticfilesystem:ap-southeast-1:100521722927:file-system/fs-041d96f9fefd0ee72",
            "file_system_id": "fs-041d96f9fefd0ee72",
            "id": "fsmt-0356729b151cc9197",
            "ip_address": "172.31.16.60",
            "mount_target_dns_name": "ap-southeast-1b.fs-041d96f9fefd0ee72.efs.ap-southeast-1.amazonaws.com",
            "network_interface_id": "eni-07f1914a84b8d9a11",
            "owner_id": "100521722927",
            "security_groups": [
              "sg-009f259dc0ece2b93"
            ],
            "subnet_id": "subnet-0d9b976c2038a79ac",
            "timeouts": null
          },
          "sensitive_attributes": [],
          "private": "eyJlMmJmYjczMC1lY2FhLTExZTYtOGY4OC0zNDM2M2JjN2M0YzAiOnsiY3JlYXRlIjoxODAwMDAwMDAwMDAwLCJkZWxldGUiOjYwMDAwMDAwMDAwMH19",
          "dependencies": [
            "module.efs_module.aws_efs_file_system.jenkins",
            "module.efs_module.aws_security_group.efs_sg"
          ]
        }
      ]
    },
    {
      "module": "module.efs_module",
      "mode": "managed",
      "type": "aws_security_group",
      "name": "efs_sg",
      "provider": "provider[\"registry.terraform.io/hashicorp/aws\"]",
      "instances": [
        {
          "schema_version": 1,
          "attributes": {
            "arn": "arn:aws:ec2:ap-southeast-1:100521722927:security-group/sg-009f259dc0ece2b93",
            "description": "Managed by Terraform",
            "egress": [
              {
                "cidr_blocks": [
                  "0.0.0.0/0"
                ],
                "description": "",
                "from_port": 0,
                "ipv6_cidr_blocks": [],
                "prefix_list_ids": [],
                "protocol": "-1",
                "security_groups": [],
                "self": false,
                "to_port": 0
              }
            ],
            "id": "sg-009f259dc0ece2b93",
            "ingress": [
              {
                "cidr_blocks": [
                  "0.0.0.0/0"
                ],
                "description": "",
                "from_port": 2049,
                "ipv6_cidr_blocks": [],
                "prefix_list_ids": [],
                "protocol": "tcp",
                "security_groups": [],
                "self": false,
                "to_port": 2049
              }
            ],
            "name": "efs-sg20230426015325904900000001",
            "name_prefix": "efs-sg",
            "owner_id": "100521722927",
            "revoke_rules_on_delete": false,
            "tags": null,
            "tags_all": {},
            "timeouts": null,
            "vpc_id": "vpc-04c33231f540e69ea"
          },
          "sensitive_attributes": [],
          "private": "eyJlMmJmYjczMC1lY2FhLTExZTYtOGY4OC0zNDM2M2JjN2M0YzAiOnsiY3JlYXRlIjo2MDAwMDAwMDAwMDAsImRlbGV0ZSI6OTAwMDAwMDAwMDAwfSwic2NoZW1hX3ZlcnNpb24iOiIxIn0="
        }
      ]
    }
  ],
  "check_results": null
}
